# Generated by tools/fetch.py — do not edit.
#
# The exact W&B runs behind every number in this paper, one entry per figure
# or table config. `make fetch` re-reads these IDs; `make fetch REFRESH=1`
# re-runs the queries and rewrites this file, reporting which runs entered
# and left.
#
# `spec_sha256` is the hash of a config's `data:` block as it stood when the
# data was fetched. `make check-generated` fails when a config has drifted
# from it.
figures/learning_curve:
  entity: your-wandb-entity
  fetched: '1970-01-01'
  project: your-wandb-project
  runs: &id001
  - heartbeat: ''
    id: synthetic-baseline
    name: baseline
    state: finished
  - heartbeat: ''
    id: synthetic-pretrain
    name: pretrained
    state: finished
  - heartbeat: ''
    id: synthetic-scratch
    name: scratch
    state: finished
  spec_sha256: dd2a1c668a17e76c5bcdb3148df2f2f105f5d17635790b0c2958f83df6a170ef
  synthetic: true
tables/final_scores:
  entity: your-wandb-entity
  fetched: '1970-01-01'
  project: your-wandb-project
  runs: *id001
  spec_sha256: 817db2a6db1234ab9711f2f3a9ca63dbfbc04ac5da46c1e7724a900d5afd0f17
  synthetic: true
