# Generated by tools/fetch.py — do not edit.
#
# The exact W&B runs behind every number in this paper, one entry per figure
# or table config. `make fetch` re-reads these IDs; `make fetch REFRESH=1`
# re-runs the queries and rewrites this file, reporting which runs entered
# and left.
#
# `spec_sha256` is the hash of a config's `data:` block as it stood when the
# data was fetched. `make check-generated` fails when a config has drifted
# from it.
figures/bbf_speedup_ablation:
  entity: LatentLab
  fetched: '2026-08-31'
  project: torchrl-hydra-template
  rows:
    baseline/Published BBF (RR2):
      runs:
      - heartbeat: '2026-08-03T12:04:24Z'
        id: dc2e91w2
        name: bbf_Jamesbond_2026-08-03_10-11-48
        state: finished
      - heartbeat: '2026-08-25T05:41:13Z'
        id: ea0rrdct
        name: bbf_Jamesbond_atari100k_2026-08-25_04-04-25
        state: finished
      - heartbeat: '2026-08-25T10:12:12Z'
        id: si97qido
        name: bbf_Jamesbond_atari100k_2026-08-25_08-29-38
        state: finished
      - heartbeat: '2026-08-03T11:59:12Z'
        id: vwbpoxw5
        name: bbf_Jamesbond_2026-08-03_10-06-24
        state: finished
      - heartbeat: '2026-08-03T13:39:52Z'
        id: xxxxqws7
        name: bbf_Jamesbond_2026-08-03_11-59-19
        state: finished
      spec_sha256: 174bb04d08b7860da2e955df1257befd58d02409ec5f554dc6d5577c490d3cac
    "combined/BBF (fast) \u2014 GPU replay + channels-last":
      runs: []
      spec_sha256: 63967f26a2acb0ccc70a0644c24dc5ff9f25f95d5b5d00dbbdd0a468bc292f2f
    data_pipeline/GPU-resident replay +:
      runs: []
      spec_sha256: e56896bc10d8f19c4be45a36e64f42aee1325edb5147c636ef264942516c22f4
    data_pipeline/Pinned staging + async H2D +:
      runs: []
      spec_sha256: aaf9bbc7c820ad9ada0a52d0fb76b728443904084e6b5e5d11badde55fbec57b
    "learner_changes/Optimisation batch 32 \u2192 16 \u2193 \u2020":
      runs:
      - heartbeat: '2026-08-24T17:47:17Z'
        id: 1aqh7pb9
        name: bbf_Jamesbond_atari100k_2026-08-24_16-12-27
        state: finished
      - heartbeat: '2026-08-25T13:18:28Z'
        id: 231l9bk0
        name: bbf_Jamesbond_atari100k_2026-08-25_11-55-54
        state: finished
      - heartbeat: '2026-08-25T08:29:33Z'
        id: icm4o2gj
        name: bbf_Jamesbond_atari100k_2026-08-25_07-17-21
        state: finished
      - heartbeat: '2026-08-25T04:04:19Z'
        id: lbnhhlrt
        name: bbf_Jamesbond_atari100k_2026-08-25_02-49-57
        state: finished
      - heartbeat: '2026-08-25T01:13:55Z'
        id: nyu8d4ld
        name: bbf_Jamesbond_atari100k_2026-08-24_21-54-36
        state: finished
      spec_sha256: 00dfdb8dbfa30e4c5ff6fe773a93fd81e3611b51df26f19791c0c89356c1ffb7
    "learner_changes/Optimisation batch 32 \u2192 64 \u2191 \u2020":
      runs: []
      spec_sha256: 64343a38c6d2ced0c5eb11123978eaf79f85fbc0168e68d688b2c6b04cdb8cc9
    "learner_changes/Replay ratio 2 \u2192 8 \u2191 \u2020":
      runs: []
      spec_sha256: 4dd8fbb2e9d03fc0185da8d33b102e298ce42a0de4ee031fe2474e12b1065694
    "learner_changes/Uniform replay (no PER) \u2020":
      runs:
      - heartbeat: '2026-08-25T07:17:16Z'
        id: kzn0ojj1
        name: bbf_Jamesbond_atari100k_2026-08-25_05-41-18
        state: finished
      - heartbeat: '2026-08-25T11:55:47Z'
        id: qki5fjey
        name: bbf_Jamesbond_atari100k_2026-08-25_10-12-17
        state: finished
      - heartbeat: '2026-08-25T02:49:52Z'
        id: radug2pq
        name: bbf_Jamesbond_atari100k_2026-08-25_01-14-14
        state: finished
      - heartbeat: '2026-08-24T21:54:31Z'
        id: w4s1cmv5
        name: bbf_Jamesbond_atari100k_2026-08-24_17-47-26
        state: finished
      - heartbeat: '2026-08-24T16:12:13Z'
        id: we5xy313
        name: bbf_Jamesbond_atari100k_2026-08-24_14-17-14
        state: finished
      spec_sha256: db50246f25dbe3dd2a25a7670bbb5f5e0dfc44ac1467668b9fff5cd14f76abb3
    network_execution/Channels-last +:
      runs: []
      spec_sha256: 945f9bb1798813fb5fbc50a8e14dfd8cc78e8d689bf974bcb238ad8ef8945e99
    network_execution/Mixed precision (bf16) +:
      runs: []
      spec_sha256: b8eea28d3fe429e57d6e0d02fae92723f7c8681838ff2856600004550ed540b5
    network_execution/torch.compile +:
      runs: []
      spec_sha256: 2dd50695d22ab872f92aeb66b9528ada21ad5be23344cbaf637d6182cd798de2
  spec_sha256: f9e13464fec75d6b61458c5a38d0d9c71514f8035a76f2353235be7c088310ee
figures/dreamjepa_ablation:
  entity: LatentLab
  fetched: '2026-08-31'
  project: DreamJEPA
  rows:
    baseline/DreamJEPA (deter target):
      runs:
      - heartbeat: '2026-08-13T15:23:09Z'
        id: 7n3l5mfi
        name: dreamjepa_Jamesbond_atari100k_s1_2026-08-13_09-13-41
        state: finished
      - heartbeat: '2026-08-13T12:26:12Z'
        id: fk717ez4
        name: dreamjepa_Jamesbond_atari100k_s42_2026-08-13_09-13-41
        state: finished
      - heartbeat: '2026-08-14T13:09:36Z'
        id: s8i7azqe
        name: dreamjepa_Jamesbond_atari100k_s44_2026-08-14_10-10-32
        state: finished
      spec_sha256: a685a721cd1e1cb5072b7c5f86b0c1d8f333a08c6e38ef1dd0c623f974c2730e
    ground_head/Ground from stoch, no SigReg/var:
      runs:
      - heartbeat: '2026-08-23T22:09:26Z'
        id: 735uuo7o
        name: djepa_gstoch_s2
        state: finished
      - heartbeat: '2026-08-23T15:39:46Z'
        id: bwjnga9p
        name: djepa_gstoch_s42
        state: finished
      - heartbeat: '2026-08-23T18:46:11Z'
        id: iwbr8wrb
        name: djepa_gstoch_s1
        state: finished
      - heartbeat: '2026-08-24T07:45:55Z'
        id: oz4e1lzj
        name: djepa_gstoch_s5
        state: finished
      - heartbeat: '2026-08-24T01:42:07Z'
        id: pw60vpcb
        name: djepa_gstoch_s3
        state: finished
      - heartbeat: '2026-08-24T04:38:30Z'
        id: zrhx1sut
        name: djepa_gstoch_s4
        state: finished
      spec_sha256: 4d88f48cb8f192f790a2a63cf15db95d3eb66c0bdab4ed1982008df02d43e0ff
    ground_head/Ground from stoch, variance kept:
      runs:
      - heartbeat: '2026-08-23T18:24:42Z'
        id: bvve5dal
        name: djepa_gstoch_var_s1
        state: finished
      - heartbeat: '2026-08-23T15:33:34Z'
        id: gj5rkkan
        name: djepa_gstoch_var_s42
        state: finished
      - heartbeat: '2026-08-23T21:46:19Z'
        id: uwse30v3
        name: djepa_gstoch_var_s2
        state: finished
      spec_sha256: 3ac4104c87f344c127b2370ac0357804f475c2407bf12f4fe7ed1e5454b9c14d
    "ground_head/Ground loss only (jepa 20 \u2192 0)":
      runs:
      - heartbeat: '2026-08-15T11:00:00Z'
        id: p2vsxdpd
        name: djepa_groundonly_s42
        state: finished
      spec_sha256: 5fdd725a7319650978f81052fe4485c6a0967f0858d885b89a901469c4360b98
    ground_head/Linear ground head only:
      runs:
      - heartbeat: '2026-08-16T12:59:44Z'
        id: m11mxo24
        name: djepa_groundlin_s42
        state: finished
      spec_sha256: e1df4dfcdd38df70cd55402817bc7f12393d8cc42cbafe420e099e8736b321a6
    "optimisation/act_entropy 3e-4 \u2192 1e-3 \u2191":
      runs:
      - heartbeat: '2026-08-15T11:07:15Z'
        id: 334i8jca
        name: djepa_actent_s42
        state: finished
      - heartbeat: '2026-08-15T13:58:41Z'
        id: 7rx0u616
        name: djepa_actent_s1
        state: finished
      - heartbeat: '2026-08-16T12:35:50Z'
        id: i9l89vxk
        name: djepa_actent_s3
        state: finished
      - heartbeat: '2026-08-16T15:23:00Z'
        id: ke5pf5us
        name: djepa_actent_s4
        state: finished
      - heartbeat: '2026-08-16T18:04:02Z'
        id: r73hfzxi
        name: djepa_actent_s5
        state: finished
      - heartbeat: '2026-08-15T17:02:41Z'
        id: t5jakf8n
        name: djepa_actent_s2
        state: finished
      spec_sha256: a4eb099861793408b75e8ecd266dfcc64ba8590f561d1d0a927e80dd70f58e6d
    "optimisation/act_entropy 3e-4 \u2192 3e-3 \u2191":
      runs:
      - heartbeat: '2026-08-16T12:37:22Z'
        id: kp2svcsa
        name: djepa_actent_s42
        state: finished
      - heartbeat: '2026-08-16T15:27:40Z'
        id: nw33czs1
        name: djepa_actent_s1
        state: finished
      - heartbeat: '2026-08-16T18:38:49Z'
        id: xv18pudf
        name: djepa_actent_s2
        state: finished
      spec_sha256: dec0ddc16c6457182805773d55fdabc4063f8d314d869aaf037f7550720b567f
    "optimisation/lr 4e-5 \u2192 1e-4 \u2191":
      runs:
      - heartbeat: '2026-08-20T01:28:41Z'
        id: cyevm8d6
        name: djepa_lr1e-4_s42
        state: finished
      - heartbeat: '2026-08-20T04:25:04Z'
        id: vmla61ry
        name: djepa_lr1e-4_s1
        state: finished
      spec_sha256: cec4ccc2654c561fbe651e2469fe8aee7b44de63a302de2e034d1b0acac5a69c
    "regularisation/\u2212 SigReg":
      runs:
      - heartbeat: '2026-08-20T11:33:25Z'
        id: aq37veri
        name: djepa_nosigreg_s42
        state: finished
      - heartbeat: '2026-08-20T17:23:30Z'
        id: bsgktm8f
        name: djepa_nosigreg_s2
        state: finished
      - heartbeat: '2026-08-20T14:25:13Z'
        id: nbyw3abj
        name: djepa_nosigreg_s1
        state: finished
      spec_sha256: 921a8c8f87f541392b3dd9472a5c2a4c6b8def309f360ce2c1324a7e3584ded9
    "regularisation/\u2212 SigReg \u2212 variance (JEPA only)":
      runs:
      - heartbeat: '2026-08-20T14:29:40Z'
        id: cppxxsfx
        name: djepa_jepaonly_s1
        state: finished
      - heartbeat: '2026-08-20T11:37:12Z'
        id: dabg25rv
        name: djepa_jepaonly_s42
        state: finished
      - heartbeat: '2026-08-20T17:27:32Z'
        id: l87jgvg5
        name: djepa_jepaonly_s2
        state: finished
      spec_sha256: 1e6516403cdd99b3d678b59e22322a396d21d6a9778bc68c2baa9f0adc11ca89
    "target_prediction/repval 0.3 \u2192 1.0 \u2191":
      runs:
      - heartbeat: '2026-08-15T10:53:44Z'
        id: 7o84zl9g
        name: djepa_repval_s42
        state: finished
      - heartbeat: '2026-08-15T16:30:09Z'
        id: bp7bk9ug
        name: djepa_repval_s2
        state: finished
      - heartbeat: '2026-08-15T13:45:18Z'
        id: l5bykc87
        name: djepa_repval_s1
        state: finished
      spec_sha256: a0cbcad0ca87c205bb0a5d409f941b30782fae9aa2e453cb04f6ad12ea9f96bb
    "target_prediction/std-MSE target, predict from prior \u2191":
      runs:
      - heartbeat: '2026-08-20T01:32:03Z'
        id: 942hyj40
        name: djepa_stdmse_s1
        state: finished
      - heartbeat: '2026-08-18T15:15:17Z'
        id: 9la3r2ev
        name: djepa_stdmse_s42
        state: finished
      - heartbeat: '2026-08-20T07:38:46Z'
        id: lxk52qab
        name: djepa_stdmse_s3
        state: finished
      - heartbeat: '2026-08-20T04:40:47Z'
        id: tz4p941o
        name: djepa_stdmse_s2
        state: finished
      spec_sha256: 481fa5bce3a2c073348a164a18e089b805d20414d1cb94f96c459213c9a86599
  spec_sha256: e353c2e190cfb1884ca87f3df799cc0379b4a975b95d2444d32fa6891f6d260d
figures/learning_curve:
  entity: your-wandb-entity
  fetched: '1970-01-01'
  project: your-wandb-project
  runs: &id001
  - heartbeat: ''
    id: synthetic-baseline
    name: baseline
    state: finished
  - heartbeat: ''
    id: synthetic-pretrain
    name: pretrained
    state: finished
  - heartbeat: ''
    id: synthetic-scratch
    name: scratch
    state: finished
  spec_sha256: dd2a1c668a17e76c5bcdb3148df2f2f105f5d17635790b0c2958f83df6a170ef
  synthetic: true
tables/final_scores:
  entity: your-wandb-entity
  fetched: '1970-01-01'
  project: your-wandb-project
  runs: *id001
  spec_sha256: 817db2a6db1234ab9711f2f3a9ca63dbfbc04ac5da46c1e7724a900d5afd0f17
  synthetic: true
